
Microsoft Visual Studio Solution File, Format Version 12.00
# Visual Studio Version 16
VisualStudioVersion = 16.0.31321.278
MinimumVisualStudioVersion = 10.0.40219.1
Project("{FAE04EC0-301F-11D3-BF4B-00C04F79EFBC}") = "WingtipToys", "WingtipToys\WingtipToys.csproj", "{E688E41C-77D3-45CC-A063-3E1674C58DBD}"
EndProject
Global
	GlobalSection(SolutionConfigurationPlatforms) = preSolution
		Debug|Any CPU = Debug|Any CPU
		Release|Any CPU = Release|Any CPU
	EndGlobalSection
	GlobalSection(ProjectConfigurationPlatforms) = postSolution
		{E688E41C-77D3-45CC-A063-3E1674C58DBD}.Debug|Any CPU.ActiveCfg = Debug|Any CPU
		{E688E41C-77D3-45CC-A063-3E1674C58DBD}.Debug|Any CPU.Build.0 = Debug|Any CPU
		{E688E41C-77D3-45CC-A063-3E1674C58DBD}.Release|Any CPU.ActiveCfg = Release|Any CPU
		{E688E41C-77D3-45CC-A063-3E1674C58DBD}.Release|Any CPU.Build.0 = Release|Any CPU
	EndGlobalSection
	GlobalSection(SolutionProperties) = preSolution
		HideSolutionNode = FALSE
	EndGlobalSection
	GlobalSection(ExtensibilityGlobals) = postSolution
		SolutionGuid = {2F7D1F11-A558-41B0-80A3-8364C1266036}
	EndGlobalSection
EndGlobal
